
Microsoft Visual Studio Solution File, Format Version 12.00
# Visual Studio 2012
Project("{FAE04EC0-301F-11D3-BF4B-00C04F79EFBC}") = "gtfhgh", "gtfhgh\gtfhgh.csproj", "{9692B911-1859-4592-BB20-A2D87C0C2F0A}"
EndProject
Project("{FAE04EC0-301F-11D3-BF4B-00C04F79EFBC}") = "gtfhgh.UITests", "gtfhgh.UITests\gtfhgh.UITests.csproj", "{B5D68D92-54FD-4520-BBAC-3E000AB57429}"
EndProject
Global
	GlobalSection(SolutionConfigurationPlatforms) = preSolution
		Debug|Any CPU = Debug|Any CPU
		Release|Any CPU = Release|Any CPU
	EndGlobalSection
	GlobalSection(ProjectConfigurationPlatforms) = postSolution
		{9692B911-1859-4592-BB20-A2D87C0C2F0A}.Debug|Any CPU.ActiveCfg = Debug|Any CPU
		{9692B911-1859-4592-BB20-A2D87C0C2F0A}.Debug|Any CPU.Build.0 = Debug|Any CPU
		{9692B911-1859-4592-BB20-A2D87C0C2F0A}.Release|Any CPU.ActiveCfg = Release|Any CPU
		{9692B911-1859-4592-BB20-A2D87C0C2F0A}.Release|Any CPU.Build.0 = Release|Any CPU
		{B5D68D92-54FD-4520-BBAC-3E000AB57429}.Debug|Any CPU.ActiveCfg = Debug|Any CPU
		{B5D68D92-54FD-4520-BBAC-3E000AB57429}.Debug|Any CPU.Build.0 = Debug|Any CPU
		{B5D68D92-54FD-4520-BBAC-3E000AB57429}.Release|Any CPU.ActiveCfg = Release|Any CPU
		{B5D68D92-54FD-4520-BBAC-3E000AB57429}.Release|Any CPU.Build.0 = Release|Any CPU
	EndGlobalSection
EndGlobal
